
Microsoft Visual Studio Solution File, Format Version 12.00
# Visual Studio 15
VisualStudioVersion = 15.0.28307.902
MinimumVisualStudioVersion = 10.0.40219.1
Project("{FAE04EC0-301F-11D3-BF4B-00C04F79EFBC}") = "WebApiDirmod", "WebApiDirmod\WebApiDirmod.csproj", "{2CADA4F1-7BAB-43DD-9E80-81AA93315850}"
	ProjectSection(ProjectDependencies) = postProject
		{44F2F13B-5828-410F-B9CA-0BC2B59C833A} = {44F2F13B-5828-410F-B9CA-0BC2B59C833A}
		{97900286-D082-4D01-8CBA-C2C03866CEF1} = {97900286-D082-4D01-8CBA-C2C03866CEF1}
		{18CD92A1-4727-44C8-8E61-00C803B3F242} = {18CD92A1-4727-44C8-8E61-00C803B3F242}
		{6B14ADAD-BBD5-40F1-A540-771A9B13FF44} = {6B14ADAD-BBD5-40F1-A540-771A9B13FF44}
	EndProjectSection
EndProject
Project("{FAE04EC0-301F-11D3-BF4B-00C04F79EFBC}") = "commons", "commons\commons.csproj", "{97900286-D082-4D01-8CBA-C2C03866CEF1}"
EndProject
Project("{2150E333-8FDC-42A3-9474-1A3956D46DE8}") = "Builder", "Builder", "{71BFEF8F-071C-4B0B-A108-3508B73E5C38}"
EndProject
Project("{FAE04EC0-301F-11D3-BF4B-00C04F79EFBC}") = "ObjectBuilder", "ObjectBuilder\ObjectBuilder.csproj", "{44F2F13B-5828-410F-B9CA-0BC2B59C833A}"
EndProject
Project("{FAE04EC0-301F-11D3-BF4B-00C04F79EFBC}") = "IObjectBuilder", "IObjectBuilder\IObjectBuilder.csproj", "{18CD92A1-4727-44C8-8E61-00C803B3F242}"
EndProject
Project("{2150E333-8FDC-42A3-9474-1A3956D46DE8}") = "Base", "Base", "{7114CD08-6B03-4598-82BE-74DE0335FEF9}"
EndProject
Project("{FAE04EC0-301F-11D3-BF4B-00C04F79EFBC}") = "Interfaces", "Interfases\Interfaces.csproj", "{6B14ADAD-BBD5-40F1-A540-771A9B13FF44}"
EndProject
Project("{2150E333-8FDC-42A3-9474-1A3956D46DE8}") = "Models", "Models", "{AED5DAD3-0147-4636-9AE6-4C8C83FDC1F2}"
EndProject
Project("{FAE04EC0-301F-11D3-BF4B-00C04F79EFBC}") = "BussinesModel", "BussinesModel\BussinesModel.csproj", "{3A715725-4F08-4345-96A9-01EAF4F6DAC3}"
EndProject
Global
	GlobalSection(SolutionConfigurationPlatforms) = preSolution
		Debug|Any CPU = Debug|Any CPU
		Debug|ARM = Debug|ARM
		Debug|ARM64 = Debug|ARM64
		Debug|x64 = Debug|x64
		Debug|x86 = Debug|x86
		Release|Any CPU = Release|Any CPU
		Release|ARM = Release|ARM
		Release|ARM64 = Release|ARM64
		Release|x64 = Release|x64
		Release|x86 = Release|x86
	EndGlobalSection
	GlobalSection(ProjectConfigurationPlatforms) = postSolution
		{2CADA4F1-7BAB-43DD-9E80-81AA93315850}.Debug|Any CPU.ActiveCfg = Debug|Any CPU
		{2CADA4F1-7BAB-43DD-9E80-81AA93315850}.Debug|Any CPU.Build.0 = Debug|Any CPU
		{2CADA4F1-7BAB-43DD-9E80-81AA93315850}.Debug|ARM.ActiveCfg = Debug|Any CPU
		{2CADA4F1-7BAB-43DD-9E80-81AA93315850}.Debug|ARM.Build.0 = Debug|Any CPU
		{2CADA4F1-7BAB-43DD-9E80-81AA93315850}.Debug|ARM64.ActiveCfg = Debug|Any CPU
		{2CADA4F1-7BAB-43DD-9E80-81AA93315850}.Debug|ARM64.Build.0 = Debug|Any CPU
		{2CADA4F1-7BAB-43DD-9E80-81AA93315850}.Debug|x64.ActiveCfg = Debug|Any CPU
		{2CADA4F1-7BAB-43DD-9E80-81AA93315850}.Debug|x64.Build.0 = Debug|Any CPU
		{2CADA4F1-7BAB-43DD-9E80-81AA93315850}.Debug|x86.ActiveCfg = Debug|Any CPU
		{2CADA4F1-7BAB-43DD-9E80-81AA93315850}.Debug|x86.Build.0 = Debug|Any CPU
		{2CADA4F1-7BAB-43DD-9E80-81AA93315850}.Release|Any CPU.ActiveCfg = Release|Any CPU
		{2CADA4F1-7BAB-43DD-9E80-81AA93315850}.Release|Any CPU.Build.0 = Release|Any CPU
		{2CADA4F1-7BAB-43DD-9E80-81AA93315850}.Release|ARM.ActiveCfg = Release|Any CPU
		{2CADA4F1-7BAB-43DD-9E80-81AA93315850}.Release|ARM.Build.0 = Release|Any CPU
		{2CADA4F1-7BAB-43DD-9E80-81AA93315850}.Release|ARM64.ActiveCfg = Release|Any CPU
		{2CADA4F1-7BAB-43DD-9E80-81AA93315850}.Release|ARM64.Build.0 = Release|Any CPU
		{2CADA4F1-7BAB-43DD-9E80-81AA93315850}.Release|x64.ActiveCfg = Release|Any CPU
		{2CADA4F1-7BAB-43DD-9E80-81AA93315850}.Release|x64.Build.0 = Release|Any CPU
		{2CADA4F1-7BAB-43DD-9E80-81AA93315850}.Release|x86.ActiveCfg = Release|Any CPU
		{2CADA4F1-7BAB-43DD-9E80-81AA93315850}.Release|x86.Build.0 = Release|Any CPU
		{97900286-D082-4D01-8CBA-C2C03866CEF1}.Debug|Any CPU.ActiveCfg = Debug|Any CPU
		{97900286-D082-4D01-8CBA-C2C03866CEF1}.Debug|Any CPU.Build.0 = Debug|Any CPU
		{97900286-D082-4D01-8CBA-C2C03866CEF1}.Debug|ARM.ActiveCfg = Debug|Any CPU
		{97900286-D082-4D01-8CBA-C2C03866CEF1}.Debug|ARM.Build.0 = Debug|Any CPU
		{97900286-D082-4D01-8CBA-C2C03866CEF1}.Debug|ARM64.ActiveCfg = Debug|Any CPU
		{97900286-D082-4D01-8CBA-C2C03866CEF1}.Debug|ARM64.Build.0 = Debug|Any CPU
		{97900286-D082-4D01-8CBA-C2C03866CEF1}.Debug|x64.ActiveCfg = Debug|Any CPU
		{97900286-D082-4D01-8CBA-C2C03866CEF1}.Debug|x64.Build.0 = Debug|Any CPU
		{97900286-D082-4D01-8CBA-C2C03866CEF1}.Debug|x86.ActiveCfg = Debug|Any CPU
		{97900286-D082-4D01-8CBA-C2C03866CEF1}.Debug|x86.Build.0 = Debug|Any CPU
		{97900286-D082-4D01-8CBA-C2C03866CEF1}.Release|Any CPU.ActiveCfg = Release|Any CPU
		{97900286-D082-4D01-8CBA-C2C03866CEF1}.Release|Any CPU.Build.0 = Release|Any CPU
		{97900286-D082-4D01-8CBA-C2C03866CEF1}.Release|ARM.ActiveCfg = Release|Any CPU
		{97900286-D082-4D01-8CBA-C2C03866CEF1}.Release|ARM.Build.0 = Release|Any CPU
		{97900286-D082-4D01-8CBA-C2C03866CEF1}.Release|ARM64.ActiveCfg = Release|Any CPU
		{97900286-D082-4D01-8CBA-C2C03866CEF1}.Release|ARM64.Build.0 = Release|Any CPU
		{97900286-D082-4D01-8CBA-C2C03866CEF1}.Release|x64.ActiveCfg = Release|Any CPU
		{97900286-D082-4D01-8CBA-C2C03866CEF1}.Release|x64.Build.0 = Release|Any CPU
		{97900286-D082-4D01-8CBA-C2C03866CEF1}.Release|x86.ActiveCfg = Release|Any CPU
		{97900286-D082-4D01-8CBA-C2C03866CEF1}.Release|x86.Build.0 = Release|Any CPU
		{44F2F13B-5828-410F-B9CA-0BC2B59C833A}.Debug|Any CPU.ActiveCfg = Debug|Any CPU
		{44F2F13B-5828-410F-B9CA-0BC2B59C833A}.Debug|Any CPU.Build.0 = Debug|Any CPU
		{44F2F13B-5828-410F-B9CA-0BC2B59C833A}.Debug|ARM.ActiveCfg = Debug|Any CPU
		{44F2F13B-5828-410F-B9CA-0BC2B59C833A}.Debug|ARM.Build.0 = Debug|Any CPU
		{44F2F13B-5828-410F-B9CA-0BC2B59C833A}.Debug|ARM64.ActiveCfg = Debug|Any CPU
		{44F2F13B-5828-410F-B9CA-0BC2B59C833A}.Debug|ARM64.Build.0 = Debug|Any CPU
		{44F2F13B-5828-410F-B9CA-0BC2B59C833A}.Debug|x64.ActiveCfg = Debug|Any CPU
		{44F2F13B-5828-410F-B9CA-0BC2B59C833A}.Debug|x64.Build.0 = Debug|Any CPU
		{44F2F13B-5828-410F-B9CA-0BC2B59C833A}.Debug|x86.ActiveCfg = Debug|Any CPU
		{44F2F13B-5828-410F-B9CA-0BC2B59C833A}.Debug|x86.Build.0 = Debug|Any CPU
		{44F2F13B-5828-410F-B9CA-0BC2B59C833A}.Release|Any CPU.ActiveCfg = Release|Any CPU
		{44F2F13B-5828-410F-B9CA-0BC2B59C833A}.Release|Any CPU.Build.0 = Release|Any CPU
		{44F2F13B-5828-410F-B9CA-0BC2B59C833A}.Release|ARM.ActiveCfg = Release|Any CPU
		{44F2F13B-5828-410F-B9CA-0BC2B59C833A}.Release|ARM.Build.0 = Release|Any CPU
		{44F2F13B-5828-410F-B9CA-0BC2B59C833A}.Release|ARM64.ActiveCfg = Release|Any CPU
		{44F2F13B-5828-410F-B9CA-0BC2B59C833A}.Release|ARM64.Build.0 = Release|Any CPU
		{44F2F13B-5828-410F-B9CA-0BC2B59C833A}.Release|x64.ActiveCfg = Release|Any CPU
		{44F2F13B-5828-410F-B9CA-0BC2B59C833A}.Release|x64.Build.0 = Release|Any CPU
		{44F2F13B-5828-410F-B9CA-0BC2B59C833A}.Release|x86.ActiveCfg = Release|Any CPU
		{44F2F13B-5828-410F-B9CA-0BC2B59C833A}.Release|x86.Build.0 = Release|Any CPU
		{18CD92A1-4727-44C8-8E61-00C803B3F242}.Debug|Any CPU.ActiveCfg = Debug|Any CPU
		{18CD92A1-4727-44C8-8E61-00C803B3F242}.Debug|Any CPU.Build.0 = Debug|Any CPU
		{18CD92A1-4727-44C8-8E61-00C803B3F242}.Debug|ARM.ActiveCfg = Debug|Any CPU
		{18CD92A1-4727-44C8-8E61-00C803B3F242}.Debug|ARM.Build.0 = Debug|Any CPU
		{18CD92A1-4727-44C8-8E61-00C803B3F242}.Debug|ARM64.ActiveCfg = Debug|Any CPU
		{18CD92A1-4727-44C8-8E61-00C803B3F242}.Debug|ARM64.Build.0 = Debug|Any CPU
		{18CD92A1-4727-44C8-8E61-00C803B3F242}.Debug|x64.ActiveCfg = Debug|Any CPU
		{18CD92A1-4727-44C8-8E61-00C803B3F242}.Debug|x64.Build.0 = Debug|Any CPU
		{18CD92A1-4727-44C8-8E61-00C803B3F242}.Debug|x86.ActiveCfg = Debug|Any CPU
		{18CD92A1-4727-44C8-8E61-00C803B3F242}.Debug|x86.Build.0 = Debug|Any CPU
		{18CD92A1-4727-44C8-8E61-00C803B3F242}.Release|Any CPU.ActiveCfg = Release|Any CPU
		{18CD92A1-4727-44C8-8E61-00C803B3F242}.Release|Any CPU.Build.0 = Release|Any CPU
		{18CD92A1-4727-44C8-8E61-00C803B3F242}.Release|ARM.ActiveCfg = Release|Any CPU
		{18CD92A1-4727-44C8-8E61-00C803B3F242}.Release|ARM.Build.0 = Release|Any CPU
		{18CD92A1-4727-44C8-8E61-00C803B3F242}.Release|ARM64.ActiveCfg = Release|Any CPU
		{18CD92A1-4727-44C8-8E61-00C803B3F242}.Release|ARM64.Build.0 = Release|Any CPU
		{18CD92A1-4727-44C8-8E61-00C803B3F242}.Release|x64.ActiveCfg = Release|Any CPU
		{18CD92A1-4727-44C8-8E61-00C803B3F242}.Release|x64.Build.0 = Release|Any CPU
		{18CD92A1-4727-44C8-8E61-00C803B3F242}.Release|x86.ActiveCfg = Release|Any CPU
		{18CD92A1-4727-44C8-8E61-00C803B3F242}.Release|x86.Build.0 = Release|Any CPU
		{6B14ADAD-BBD5-40F1-A540-771A9B13FF44}.Debug|Any CPU.ActiveCfg = Debug|Any CPU
		{6B14ADAD-BBD5-40F1-A540-771A9B13FF44}.Debug|Any CPU.Build.0 = Debug|Any CPU
		{6B14ADAD-BBD5-40F1-A540-771A9B13FF44}.Debug|ARM.ActiveCfg = Debug|Any CPU
		{6B14ADAD-BBD5-40F1-A540-771A9B13FF44}.Debug|ARM.Build.0 = Debug|Any CPU
		{6B14ADAD-BBD5-40F1-A540-771A9B13FF44}.Debug|ARM64.ActiveCfg = Debug|Any CPU
		{6B14ADAD-BBD5-40F1-A540-771A9B13FF44}.Debug|ARM64.Build.0 = Debug|Any CPU
		{6B14ADAD-BBD5-40F1-A540-771A9B13FF44}.Debug|x64.ActiveCfg = Debug|Any CPU
		{6B14ADAD-BBD5-40F1-A540-771A9B13FF44}.Debug|x64.Build.0 = Debug|Any CPU
		{6B14ADAD-BBD5-40F1-A540-771A9B13FF44}.Debug|x86.ActiveCfg = Debug|Any CPU
		{6B14ADAD-BBD5-40F1-A540-771A9B13FF44}.Debug|x86.Build.0 = Debug|Any CPU
		{6B14ADAD-BBD5-40F1-A540-771A9B13FF44}.Release|Any CPU.ActiveCfg = Release|Any CPU
		{6B14ADAD-BBD5-40F1-A540-771A9B13FF44}.Release|Any CPU.Build.0 = Release|Any CPU
		{6B14ADAD-BBD5-40F1-A540-771A9B13FF44}.Release|ARM.ActiveCfg = Release|Any CPU
		{6B14ADAD-BBD5-40F1-A540-771A9B13FF44}.Release|ARM.Build.0 = Release|Any CPU
		{6B14ADAD-BBD5-40F1-A540-771A9B13FF44}.Release|ARM64.ActiveCfg = Release|Any CPU
		{6B14ADAD-BBD5-40F1-A540-771A9B13FF44}.Release|ARM64.Build.0 = Release|Any CPU
		{6B14ADAD-BBD5-40F1-A540-771A9B13FF44}.Release|x64.ActiveCfg = Release|Any CPU
		{6B14ADAD-BBD5-40F1-A540-771A9B13FF44}.Release|x64.Build.0 = Release|Any CPU
		{6B14ADAD-BBD5-40F1-A540-771A9B13FF44}.Release|x86.ActiveCfg = Release|Any CPU
		{6B14ADAD-BBD5-40F1-A540-771A9B13FF44}.Release|x86.Build.0 = Release|Any CPU
		{3A715725-4F08-4345-96A9-01EAF4F6DAC3}.Debug|Any CPU.ActiveCfg = Debug|Any CPU
		{3A715725-4F08-4345-96A9-01EAF4F6DAC3}.Debug|Any CPU.Build.0 = Debug|Any CPU
		{3A715725-4F08-4345-96A9-01EAF4F6DAC3}.Debug|ARM.ActiveCfg = Debug|Any CPU
		{3A715725-4F08-4345-96A9-01EAF4F6DAC3}.Debug|ARM.Build.0 = Debug|Any CPU
		{3A715725-4F08-4345-96A9-01EAF4F6DAC3}.Debug|ARM64.ActiveCfg = Debug|Any CPU
		{3A715725-4F08-4345-96A9-01EAF4F6DAC3}.Debug|ARM64.Build.0 = Debug|Any CPU
		{3A715725-4F08-4345-96A9-01EAF4F6DAC3}.Debug|x64.ActiveCfg = Debug|Any CPU
		{3A715725-4F08-4345-96A9-01EAF4F6DAC3}.Debug|x64.Build.0 = Debug|Any CPU
		{3A715725-4F08-4345-96A9-01EAF4F6DAC3}.Debug|x86.ActiveCfg = Debug|Any CPU
		{3A715725-4F08-4345-96A9-01EAF4F6DAC3}.Debug|x86.Build.0 = Debug|Any CPU
		{3A715725-4F08-4345-96A9-01EAF4F6DAC3}.Release|Any CPU.ActiveCfg = Release|Any CPU
		{3A715725-4F08-4345-96A9-01EAF4F6DAC3}.Release|Any CPU.Build.0 = Release|Any CPU
		{3A715725-4F08-4345-96A9-01EAF4F6DAC3}.Release|ARM.ActiveCfg = Release|Any CPU
		{3A715725-4F08-4345-96A9-01EAF4F6DAC3}.Release|ARM.Build.0 = Release|Any CPU
		{3A715725-4F08-4345-96A9-01EAF4F6DAC3}.Release|ARM64.ActiveCfg = Release|Any CPU
		{3A715725-4F08-4345-96A9-01EAF4F6DAC3}.Release|ARM64.Build.0 = Release|Any CPU
		{3A715725-4F08-4345-96A9-01EAF4F6DAC3}.Release|x64.ActiveCfg = Release|Any CPU
		{3A715725-4F08-4345-96A9-01EAF4F6DAC3}.Release|x64.Build.0 = Release|Any CPU
		{3A715725-4F08-4345-96A9-01EAF4F6DAC3}.Release|x86.ActiveCfg = Release|Any CPU
		{3A715725-4F08-4345-96A9-01EAF4F6DAC3}.Release|x86.Build.0 = Release|Any CPU
	EndGlobalSection
	GlobalSection(SolutionProperties) = preSolution
		HideSolutionNode = FALSE
	EndGlobalSection
	GlobalSection(NestedProjects) = preSolution
		{44F2F13B-5828-410F-B9CA-0BC2B59C833A} = {71BFEF8F-071C-4B0B-A108-3508B73E5C38}
		{18CD92A1-4727-44C8-8E61-00C803B3F242} = {71BFEF8F-071C-4B0B-A108-3508B73E5C38}
		{6B14ADAD-BBD5-40F1-A540-771A9B13FF44} = {7114CD08-6B03-4598-82BE-74DE0335FEF9}
		{3A715725-4F08-4345-96A9-01EAF4F6DAC3} = {AED5DAD3-0147-4636-9AE6-4C8C83FDC1F2}
	EndGlobalSection
	GlobalSection(ExtensibilityGlobals) = postSolution
		SolutionGuid = {543C1DA9-23C0-4D3A-9DE1-EB1975A496D2}
	EndGlobalSection
EndGlobal
